
Microsoft Visual Studio Solution File, Format Version 12.00
# Visual Studio 15
VisualStudioVersion = 15.0.28307.329
MinimumVisualStudioVersion = 10.0.40219.1
Project("{FAE04EC0-301F-11D3-BF4B-00C04F79EFBC}") = "DatingApp", "DatingApp\DatingApp.csproj", "{D8BC53EA-8F72-4A71-8F64-0AA869432C55}"
EndProject
Project("{FAE04EC0-301F-11D3-BF4B-00C04F79EFBC}") = "BookWorm", "BookWorm\BookWorm.csproj", "{963FCAC0-658E-46F6-8B9F-601D6F8D426F}"
EndProject
Project("{FAE04EC0-301F-11D3-BF4B-00C04F79EFBC}") = "Rabbits", "Rabbits\Rabbits.csproj", "{2AA5A32D-7D1A-45AA-8B37-AFD3EBE061EE}"
EndProject
Global
	GlobalSection(SolutionConfigurationPlatforms) = preSolution
		Debug|Any CPU = Debug|Any CPU
		Release|Any CPU = Release|Any CPU
	EndGlobalSection
	GlobalSection(ProjectConfigurationPlatforms) = postSolution
		{D8BC53EA-8F72-4A71-8F64-0AA869432C55}.Debug|Any CPU.ActiveCfg = Debug|Any CPU
		{D8BC53EA-8F72-4A71-8F64-0AA869432C55}.Debug|Any CPU.Build.0 = Debug|Any CPU
		{D8BC53EA-8F72-4A71-8F64-0AA869432C55}.Release|Any CPU.ActiveCfg = Release|Any CPU
		{D8BC53EA-8F72-4A71-8F64-0AA869432C55}.Release|Any CPU.Build.0 = Release|Any CPU
		{963FCAC0-658E-46F6-8B9F-601D6F8D426F}.Debug|Any CPU.ActiveCfg = Debug|Any CPU
		{963FCAC0-658E-46F6-8B9F-601D6F8D426F}.Debug|Any CPU.Build.0 = Debug|Any CPU
		{963FCAC0-658E-46F6-8B9F-601D6F8D426F}.Release|Any CPU.ActiveCfg = Release|Any CPU
		{963FCAC0-658E-46F6-8B9F-601D6F8D426F}.Release|Any CPU.Build.0 = Release|Any CPU
		{2AA5A32D-7D1A-45AA-8B37-AFD3EBE061EE}.Debug|Any CPU.ActiveCfg = Debug|Any CPU
		{2AA5A32D-7D1A-45AA-8B37-AFD3EBE061EE}.Debug|Any CPU.Build.0 = Debug|Any CPU
		{2AA5A32D-7D1A-45AA-8B37-AFD3EBE061EE}.Release|Any CPU.ActiveCfg = Release|Any CPU
		{2AA5A32D-7D1A-45AA-8B37-AFD3EBE061EE}.Release|Any CPU.Build.0 = Release|Any CPU
	EndGlobalSection
	GlobalSection(SolutionProperties) = preSolution
		HideSolutionNode = FALSE
	EndGlobalSection
	GlobalSection(ExtensibilityGlobals) = postSolution
		SolutionGuid = {C0348E6C-53AB-4EFA-9A1C-E447177AFE1E}
	EndGlobalSection
EndGlobal
